
Microsoft Visual Studio Solution File, Format Version 12.00
# Visual Studio 2012
Project("{FAE04EC0-301F-11D3-BF4B-00C04F79EFBC}") = "Prueba2.0", "WindowsFormsApplication2\Prueba2.0.csproj", "{A7910944-2FCC-44E3-A93A-2A58B6B08160}"
EndProject
Global
	GlobalSection(SolutionConfigurationPlatforms) = preSolution
		Debug|Any CPU = Debug|Any CPU
		Release|Any CPU = Release|Any CPU
	EndGlobalSection
	GlobalSection(ProjectConfigurationPlatforms) = postSolution
		{A7910944-2FCC-44E3-A93A-2A58B6B08160}.Debug|Any CPU.ActiveCfg = Debug|Any CPU
		{A7910944-2FCC-44E3-A93A-2A58B6B08160}.Debug|Any CPU.Build.0 = Debug|Any CPU
		{A7910944-2FCC-44E3-A93A-2A58B6B08160}.Release|Any CPU.ActiveCfg = Release|Any CPU
		{A7910944-2FCC-44E3-A93A-2A58B6B08160}.Release|Any CPU.Build.0 = Release|Any CPU
	EndGlobalSection
	GlobalSection(SolutionProperties) = preSolution
		HideSolutionNode = FALSE
	EndGlobalSection
EndGlobal
